{
  "name": "@superhero/elastic",
  "version": "1.0.0",
  "lockfileVersion": 1,
  "requires": true,
  "dependencies": {
    "@superhero/debug": {
      "version": "0.3.6",
      "resolved": "https://registry.npmjs.org/@superhero/debug/-/debug-0.3.6.tgz",
      "integrity": "sha1-YtMYdZ8X30YSQN4f5eIKqh6F2kQ="
    },
    "@superhero/flow": {
      "version": "0.3.2",
      "resolved": "https://registry.npmjs.org/@superhero/flow/-/flow-0.3.2.tgz",
      "integrity": "sha1-LZ/N/pXxjxgaSUYzdYIOoxQ4iAk=",
      "dev": true,
      "requires": {
        "@superhero/debug": "0.3.6"
      }
    },
    "@superhero/request": {
      "version": "0.2.1",
      "resolved": "https://registry.npmjs.org/@superhero/request/-/request-0.2.1.tgz",
      "integrity": "sha1-deyKRPs+lNoSjIgt5lTf8EPRRao=",
      "requires": {
        "@superhero/debug": "0.3.6"
      }
    }
  }
}
